{
    "name": "backend",
    "version": "1.0.0",
    "lockfileVersion": 3,
    "requires": true,
    "packages": {
        "": {
            "name": "backend",
            "version": "1.0.0",
            "license": "MIT",
            "dependencies": {
                "@zxing/library": "^0.21.3",
                "backend": "file:",
                "dotenv": "^16.4.5",
                "jsqr": "^1.4.0",
                "zxing": "^0.1.2"
            },
            "devDependencies": {
                "prettier": "^3.3.3"
            }
        },
        "node_modules/@zxing/library": {
            "version": "0.21.3",
            "resolved": "https://registry.npmjs.org/@zxing/library/-/library-0.21.3.tgz",
            "integrity": "sha512-hZHqFe2JyH/ZxviJZosZjV+2s6EDSY0O24R+FQmlWZBZXP9IqMo7S3nb3+2LBWxodJQkSurdQGnqE7KXqrYgow==",
            "dependencies": {
                "ts-custom-error": "^3.2.1"
            },
            "engines": {
                "node": ">= 10.4.0"
            },
            "optionalDependencies": {
                "@zxing/text-encoding": "~0.9.0"
            }
        },
        "node_modules/@zxing/text-encoding": {
            "version": "0.9.0",
            "resolved": "https://registry.npmjs.org/@zxing/text-encoding/-/text-encoding-0.9.0.tgz",
            "integrity": "sha512-U/4aVJ2mxI0aDNI8Uq0wEhMgY+u4CNtEb0om3+y3+niDAsoTCOB33UF0sxpzqzdqXLqmvc+vZyAt4O8pPdfkwA==",
            "optional": true
        },
        "node_modules/backend": {
            "version": "1.0.0",
            "resolved": "file:",
            "license": "MIT",
            "dependencies": {
                "@zxing/library": "^0.21.3",
                "backend": "file:",
                "dotenv": "^16.4.5",
                "jsqr": "^1.4.0",
                "zxing": "^0.1.2"
            }
        },
        "node_modules/dotenv": {
            "version": "16.4.5",
            "resolved": "https://registry.npmjs.org/dotenv/-/dotenv-16.4.5.tgz",
            "integrity": "sha512-ZmdL2rui+eB2YwhsWzjInR8LldtZHGDoQ1ugH85ppHKwpUHL7j7rN0Ti9NCnGiQbhaZ11FpR+7ao1dNsmduNUg==",
            "engines": {
                "node": ">=12"
            },
            "funding": {
                "url": "https://dotenvx.com"
            }
        },
        "node_modules/jsqr": {
            "version": "1.4.0",
            "resolved": "https://registry.npmjs.org/jsqr/-/jsqr-1.4.0.tgz",
            "integrity": "sha512-dxLob7q65Xg2DvstYkRpkYtmKm2sPJ9oFhrhmudT1dZvNFFTlroai3AWSpLey/w5vMcLBXRgOJsbXpdN9HzU/A=="
        },
        "node_modules/prettier": {
            "version": "3.3.3",
            "resolved": "https://registry.npmjs.org/prettier/-/prettier-3.3.3.tgz",
            "integrity": "sha512-i2tDNA0O5IrMO757lfrdQZCc2jPNDVntV0m/+4whiDfWaTKfMNgR7Qz0NAeGz/nRqF4m5/6CLzbP4/liHt12Ew==",
            "dev": true,
            "bin": {
                "prettier": "bin/prettier.cjs"
            },
            "engines": {
                "node": ">=14"
            },
            "funding": {
                "url": "https://github.com/prettier/prettier?sponsor=1"
            }
        },
        "node_modules/ts-custom-error": {
            "version": "3.3.1",
            "resolved": "https://registry.npmjs.org/ts-custom-error/-/ts-custom-error-3.3.1.tgz",
            "integrity": "sha512-5OX1tzOjxWEgsr/YEUWSuPrQ00deKLh6D7OTWcvNHm12/7QPyRh8SYpyWvA4IZv8H/+GQWQEh/kwo95Q9OVW1A==",
            "engines": {
                "node": ">=14.0.0"
            }
        },
        "node_modules/zxing": {
            "version": "0.1.2",
            "resolved": "https://registry.npmjs.org/zxing/-/zxing-0.1.2.tgz",
            "integrity": "sha512-IKk8GEvdgELPu3qqKUXvD7RFpiC84foJ0R6sjQVZVhikbmhwJ5UItZCi5lFuJJlImtack/0yI3N3RzyPLvjfmw==",
            "deprecated": "zxing is no longer maintained. Please use qrcode-reader"
        }
    }
}
