{
    "name": "backend",
    "version": "1.0.0",
    "lockfileVersion": 3,
    "requires": true,
    "packages": {
        "": {
            "name": "backend",
            "version": "1.0.0",
            "license": "MIT",
            "dependencies": {
                "dotenv": "^16.4.5"
            },
            "devDependencies": {
                "prettier": "^3.3.3"
            }
        },
        "node_modules/dotenv": {
            "version": "16.4.5",
            "resolved": "https://registry.npmjs.org/dotenv/-/dotenv-16.4.5.tgz",
            "integrity": "sha512-ZmdL2rui+eB2YwhsWzjInR8LldtZHGDoQ1ugH85ppHKwpUHL7j7rN0Ti9NCnGiQbhaZ11FpR+7ao1dNsmduNUg==",
            "engines": {
                "node": ">=12"
            },
            "funding": {
                "url": "https://dotenvx.com"
            }
        },
        "node_modules/prettier": {
            "version": "3.3.3",
            "resolved": "https://registry.npmjs.org/prettier/-/prettier-3.3.3.tgz",
            "integrity": "sha512-i2tDNA0O5IrMO757lfrdQZCc2jPNDVntV0m/+4whiDfWaTKfMNgR7Qz0NAeGz/nRqF4m5/6CLzbP4/liHt12Ew==",
            "dev": true,
            "bin": {
                "prettier": "bin/prettier.cjs"
            },
            "engines": {
                "node": ">=14"
            },
            "funding": {
                "url": "https://github.com/prettier/prettier?sponsor=1"
            }
        }
    }
}
